
Microsoft Visual Studio Solution File, Format Version 12.00
# Visual Studio 15
VisualStudioVersion = 15.0.26323.1
MinimumVisualStudioVersion = 10.0.40219.1
Project("{2150E333-8FDC-42A3-9474-1A3956D46DE8}") = "Solution Items", "Solution Items", "{101AF3F7-293E-46CF-8C37-EAA61DFDF0A5}"
	ProjectSection(SolutionItems) = preProject
		.gitignore = .gitignore
		License = License
		ReadMe.md = ReadMe.md
	EndProjectSection
EndProject
Project("{2150E333-8FDC-42A3-9474-1A3956D46DE8}") = "Framework", "Framework", "{24C4538B-C6A4-4D47-80C9-4249164C222F}"
EndProject
Project("{2150E333-8FDC-42A3-9474-1A3956D46DE8}") = "Samples", "Samples", "{3A067FD7-5276-4CB5-BE74-9DD9965529D0}"
EndProject
Project("{2150E333-8FDC-42A3-9474-1A3956D46DE8}") = "Tools", "Tools", "{C1B9EF36-2E1E-4BCB-A85F-E85DF75F737A}"
EndProject
Project("{FAE04EC0-301F-11D3-BF4B-00C04F79EFBC}") = "Emlid.WindowsIot.Hardware", "Framework\Emlid.WindowsIoT.Hardware\Emlid.WindowsIot.Hardware.csproj", "{FE8E8830-EE45-46F0-88A5-4A14AD02EE50}"
EndProject
Project("{FAE04EC0-301F-11D3-BF4B-00C04F79EFBC}") = "Navio Hardware Test", "Tools\Navio Hardware Test\Navio Hardware Test.csproj", "{B3E2E3DD-67EE-49D6-A31B-4B6A19B0F640}"
EndProject
Project("{2150E333-8FDC-42A3-9474-1A3956D46DE8}") = "Media", "Media", "{704A3A23-958D-4BC7-BC5E-525F3C7A04B0}"
EndProject
Project("{2150E333-8FDC-42A3-9474-1A3956D46DE8}") = "Images", "Images", "{A63BF65A-DC4C-47F8-A58E-3AA04FCAD340}"
EndProject
Project("{2150E333-8FDC-42A3-9474-1A3956D46DE8}") = "Emlid", "Emlid", "{C5BE4849-C884-4527-8C1E-46CEB39E0F54}"
	ProjectSection(SolutionItems) = preProject
		Media\Images\Emlid\emlid_logo_no_text.png = Media\Images\Emlid\emlid_logo_no_text.png
		Media\Images\Emlid\Navio 2 Pinout.png = Media\Images\Emlid\Navio 2 Pinout.png
		Media\Images\Emlid\Navio 2 Top.png = Media\Images\Emlid\Navio 2 Top.png
		Media\Images\Emlid\Navio Top.png = Media\Images\Emlid\Navio Top.png
		Media\Images\Emlid\Navio+ Side.png = Media\Images\Emlid\Navio+ Side.png
		Media\Images\Emlid\Navio+ Top.png = Media\Images\Emlid\Navio+ Top.png
		Media\Images\Emlid\Navio-ConnectionMap.jpg = Media\Images\Emlid\Navio-ConnectionMap.jpg
		Media\Images\Emlid\Navio-Research.jpg = Media\Images\Emlid\Navio-Research.jpg
		Media\Images\Emlid\TopView8.jpg = Media\Images\Emlid\TopView8.jpg
	EndProjectSection
EndProject
Project("{2150E333-8FDC-42A3-9474-1A3956D46DE8}") = "Common", "Common", "{E2AC6BB4-4B51-4E37-8401-DBE2EB7D8116}"
	ProjectSection(SolutionItems) = preProject
		Common\AssemblyInfoGlobal.cs = Common\AssemblyInfoGlobal.cs
		Common\CustomDictionary.xml = Common\CustomDictionary.xml
		Common\TemporaryKey.pfx = Common\TemporaryKey.pfx
	EndProjectSection
EndProject
Project("{2150E333-8FDC-42A3-9474-1A3956D46DE8}") = "CS", "CS", "{7E41DA83-4FEE-4D23-9172-12D93906F9DF}"
EndProject
Project("{FAE04EC0-301F-11D3-BF4B-00C04F79EFBC}") = "Navio LED CS Sample", "Samples\CS\Navio LED\Navio LED CS Sample.csproj", "{E9209EF7-004A-477E-8A23-B99436F27264}"
EndProject
Project("{FAE04EC0-301F-11D3-BF4B-00C04F79EFBC}") = "Navio RC Input CS Sample", "Samples\CS\Navio RC Input\Navio RC Input CS Sample.csproj", "{DDEAAFA9-024A-4AB3-B8BB-14D93AB59641}"
EndProject
Project("{2150E333-8FDC-42A3-9474-1A3956D46DE8}") = "Drivers", "Drivers", "{CDC2AC5F-B61D-4271-8721-83D9B0703F51}"
EndProject
Project("{2150E333-8FDC-42A3-9474-1A3956D46DE8}") = "ACPI", "ACPI", "{A02B6648-A6A0-4655-B658-EC3F9B1E0CE1}"
	ProjectSection(SolutionItems) = preProject
		Drivers\ACPI\ACPITABL.DAT = Drivers\ACPI\ACPITABL.DAT
		Drivers\ACPI\ACPITABL2.DAT = Drivers\ACPI\ACPITABL2.DAT
		Drivers\ACPI\Build.cmd = Drivers\ACPI\Build.cmd
		Drivers\ACPI\Navio.asl = Drivers\ACPI\Navio.asl
		Drivers\ACPI\Navio2.asl = Drivers\ACPI\Navio2.asl
	EndProjectSection
EndProject
Project("{2150E333-8FDC-42A3-9474-1A3956D46DE8}") = "CPP", "CPP", "{175F3EA8-E13A-41F9-81E9-EFE31813D8F0}"
EndProject
Project("{2150E333-8FDC-42A3-9474-1A3956D46DE8}") = "Include", "Include", "{F138A081-8CD8-484F-A45A-6B0CAF289BA4}"
	ProjectSection(SolutionItems) = preProject
		Drivers\Include\NavioRCInputDriver.h = Drivers\Include\NavioRCInputDriver.h
	EndProjectSection
EndProject
Project("{2150E333-8FDC-42A3-9474-1A3956D46DE8}") = "Scripts", "Scripts", "{703F0B97-99AB-4EEE-B9BD-D9C86883CB8C}"
	ProjectSection(SolutionItems) = preProject
		Tools\Scripts\Serial Debug.cmd = Tools\Scripts\Serial Debug.cmd
		Tools\Scripts\Setup Local.cmd = Tools\Scripts\Setup Local.cmd
		Tools\Scripts\Setup Local.ps1 = Tools\Scripts\Setup Local.ps1
		Tools\Scripts\Setup Remote.cmd = Tools\Scripts\Setup Remote.cmd
		Tools\Scripts\Setup Remote.ps1 = Tools\Scripts\Setup Remote.ps1
		Tools\Scripts\TemporaryKey Install.cmd = Tools\Scripts\TemporaryKey Install.cmd
		Tools\Scripts\TemporaryKey Remove.cmd = Tools\Scripts\TemporaryKey Remove.cmd
		Tools\Scripts\VSWhereDev.cmd = Tools\Scripts\VSWhereDev.cmd
	EndProjectSection
EndProject
Project("{2150E333-8FDC-42A3-9474-1A3956D46DE8}") = "NuGet", "NuGet", "{6637C7B9-0DFD-410A-89F1-C1DD8E2D01EC}"
	ProjectSection(SolutionItems) = preProject
		Tools\NuGet\NuGet Package Explorer.appref-ms = Tools\NuGet\NuGet Package Explorer.appref-ms
		Tools\NuGet\nuget.exe = Tools\NuGet\nuget.exe
		Tools\NuGet\Package.cmd = Tools\NuGet\Package.cmd
	EndProjectSection
EndProject
Project("{FAE04EC0-301F-11D3-BF4B-00C04F79EFBC}") = "Navio Barometer CS Sample", "Samples\CS\Navio Barometer\Navio Barometer CS Sample.csproj", "{ABE84FDC-D12F-40E9-8F2A-CB10245C4A26}"
EndProject
Project("{FAE04EC0-301F-11D3-BF4B-00C04F79EFBC}") = "Navio FRAM CS Sample", "Samples\CS\Navio FRAM\Navio FRAM CS Sample.csproj", "{6C7E0CAD-E4A0-4B2E-A723-5AE1EB019932}"
EndProject
Project("{2150E333-8FDC-42A3-9474-1A3956D46DE8}") = "Documentation", "Documentation", "{0BBA5CC3-BF97-43C8-AD5A-1DC8F968031F}"
EndProject
Project("{2150E333-8FDC-42A3-9474-1A3956D46DE8}") = "Emlid", "Emlid", "{ABA42A63-65A8-424C-A138-8DFD5A56047F}"
	ProjectSection(SolutionItems) = preProject
		Documentation\Emlid\Changes.md = Documentation\Emlid\Changes.md
		Documentation\Emlid\Coding-Standards.md = Documentation\Emlid\Coding-Standards.md
		Documentation\Emlid\Development.md = Documentation\Emlid\Development.md
		Documentation\Emlid\Project.md = Documentation\Emlid\Project.md
		Documentation\Emlid\Requirements.md = Documentation\Emlid\Requirements.md
		Documentation\Emlid\Usage.md = Documentation\Emlid\Usage.md
		Documentation\Emlid\Windows-IoT.md = Documentation\Emlid\Windows-IoT.md
	EndProjectSection
EndProject
Project("{2150E333-8FDC-42A3-9474-1A3956D46DE8}") = "Raspberry Pi", "Raspberry Pi", "{1F9D80D0-B763-4DB7-8BC4-51CCE403842F}"
	ProjectSection(SolutionItems) = preProject
		Media\Images\Raspberry Pi\Raspberry Pi 2 HAT Pins.png = Media\Images\Raspberry Pi\Raspberry Pi 2 HAT Pins.png
	EndProjectSection
EndProject
Project("{8BC9CEB8-8B4A-11D0-8D11-00A0C91BC942}") = "Navio RC Input Driver", "Drivers\Navio RC Input\Navio RC Input Driver.vcxproj", "{116C1C54-44B7-4C82-87CC-489B5ED85975}"
EndProject
Project("{2150E333-8FDC-42A3-9474-1A3956D46DE8}") = "Components", "Components", "{7F2BB098-FCAF-4EAD-8C2F-A461F02CFE2B}"
	ProjectSection(SolutionItems) = preProject
		Documentation\Components\ADS1115.pdf = Documentation\Components\ADS1115.pdf
		Documentation\Components\ARM Debug Interface.pdf = Documentation\Components\ARM Debug Interface.pdf
		Documentation\Components\BCM2835.pdf = Documentation\Components\BCM2835.pdf
		Documentation\Components\LSM9DS1.pdf = Documentation\Components\LSM9DS1.pdf
		Documentation\Components\MB85RC04V.pdf = Documentation\Components\MB85RC04V.pdf
		Documentation\Components\MB85RC256V.pdf = Documentation\Components\MB85RC256V.pdf
		Documentation\Components\MPU9250.pdf = Documentation\Components\MPU9250.pdf
		Documentation\Components\MS5611.pdf = Documentation\Components\MS5611.pdf
		Documentation\Components\NEO-6.pdf = Documentation\Components\NEO-6.pdf
		Documentation\Components\NEO-7.pdf = Documentation\Components\NEO-7.pdf
		Documentation\Components\NEO-M8 Protocol.pdf = Documentation\Components\NEO-M8 Protocol.pdf
		Documentation\Components\NEO-M8.pdf = Documentation\Components\NEO-M8.pdf
		Documentation\Components\PCA9685.pdf = Documentation\Components\PCA9685.pdf
	EndProjectSection
EndProject
Project("{FAE04EC0-301F-11D3-BF4B-00C04F79EFBC}") = "Emlid.UniversalWindows", "Framework\Emlid.UniversalWindows\Emlid.UniversalWindows.csproj", "{D8F241C6-29CB-4AA6-AD34-398CBA6D1C16}"
EndProject
Project("{FAE04EC0-301F-11D3-BF4B-00C04F79EFBC}") = "Emlid.UniversalWindows.UI", "Framework\Emlid.UniversalWindows.UI\Emlid.UniversalWindows.UI.csproj", "{E431A011-C230-4CF5-8321-C47E07AE7683}"
EndProject
Project("{FAE04EC0-301F-11D3-BF4B-00C04F79EFBC}") = "Navio 2 RCIO Terminal", "Tools\Navio 2 RCIO Terminal\Navio 2 RCIO Terminal.csproj", "{7B09FA7C-9385-4AA0-A659-4A55ACBE3B37}"
EndProject
Project("{8BC9CEB8-8B4A-11D0-8D11-00A0C91BC942}") = "Emlid.WindowsIot.HardwarePlus", "Framework\Emlid.WindowsIot.HardwarePlus\Emlid.WindowsIot.HardwarePlus.vcxproj", "{2C5DF7F8-8E4F-451B-88E2-B9C879C923E6}"
EndProject
Project("{2150E333-8FDC-42A3-9474-1A3956D46DE8}") = "Dependencies", "Dependencies", "{59AC22D9-5AB2-42B0-BFCE-4E3D1C63E8E0}"
	ProjectSection(SolutionItems) = preProject
		Dependencies\Update.cmd = Dependencies\Update.cmd
	EndProjectSection
EndProject
Project("{8BC9CEB8-8B4A-11D0-8D11-00A0C91BC942}") = "CppWinRT", "Dependencies\CppWinRT\CppWinRT.vcxitems", "{45D41ACC-2C3C-43D2-BC10-02AA73FFC7C7}"
EndProject
Project("{8BC9CEB8-8B4A-11D0-8D11-00A0C91BC942}") = "Navio RC Input CPP Sample", "Samples\CPP\Navio RC Input CPP Sample\Navio RC Input CPP Sample.vcxproj", "{243E8ED0-58CF-4322-BB7D-D52E70352608}"
EndProject
Project("{2150E333-8FDC-42A3-9474-1A3956D46DE8}") = "VSWhere", "VSWhere", "{672010BA-4AE0-4794-A2B5-B53FC758D61F}"
	ProjectSection(SolutionItems) = preProject
		Dependencies\VSWhere\VSWhere Releases.url = Dependencies\VSWhere\VSWhere Releases.url
		Dependencies\VSWhere\vswhere.exe = Dependencies\VSWhere\vswhere.exe
	EndProjectSection
EndProject
Global
	GlobalSection(SharedMSBuildProjectFiles) = preSolution
		Dependencies\CppWinRT\CppWinRT.vcxitems*{243e8ed0-58cf-4322-bb7d-d52e70352608}*SharedItemsImports = 4
		Dependencies\CppWinRT\CppWinRT.vcxitems*{2c5df7f8-8e4f-451b-88e2-b9c879c923e6}*SharedItemsImports = 4
		Dependencies\CppWinRT\CppWinRT.vcxitems*{45d41acc-2c3c-43d2-bc10-02aa73ffc7c7}*SharedItemsImports = 9
	EndGlobalSection
	GlobalSection(SolutionConfigurationPlatforms) = preSolution
		Debug|ARM = Debug|ARM
		Release|ARM = Release|ARM
	EndGlobalSection
	GlobalSection(ProjectConfigurationPlatforms) = postSolution
		{FE8E8830-EE45-46F0-88A5-4A14AD02EE50}.Debug|ARM.ActiveCfg = Debug|ARM
		{FE8E8830-EE45-46F0-88A5-4A14AD02EE50}.Debug|ARM.Build.0 = Debug|ARM
		{FE8E8830-EE45-46F0-88A5-4A14AD02EE50}.Release|ARM.ActiveCfg = Release|ARM
		{FE8E8830-EE45-46F0-88A5-4A14AD02EE50}.Release|ARM.Build.0 = Release|ARM
		{B3E2E3DD-67EE-49D6-A31B-4B6A19B0F640}.Debug|ARM.ActiveCfg = Debug|ARM
		{B3E2E3DD-67EE-49D6-A31B-4B6A19B0F640}.Debug|ARM.Build.0 = Debug|ARM
		{B3E2E3DD-67EE-49D6-A31B-4B6A19B0F640}.Debug|ARM.Deploy.0 = Debug|ARM
		{B3E2E3DD-67EE-49D6-A31B-4B6A19B0F640}.Release|ARM.ActiveCfg = Release|ARM
		{B3E2E3DD-67EE-49D6-A31B-4B6A19B0F640}.Release|ARM.Build.0 = Release|ARM
		{B3E2E3DD-67EE-49D6-A31B-4B6A19B0F640}.Release|ARM.Deploy.0 = Release|ARM
		{E9209EF7-004A-477E-8A23-B99436F27264}.Debug|ARM.ActiveCfg = Debug|ARM
		{E9209EF7-004A-477E-8A23-B99436F27264}.Debug|ARM.Build.0 = Debug|ARM
		{E9209EF7-004A-477E-8A23-B99436F27264}.Debug|ARM.Deploy.0 = Debug|ARM
		{E9209EF7-004A-477E-8A23-B99436F27264}.Release|ARM.ActiveCfg = Release|ARM
		{E9209EF7-004A-477E-8A23-B99436F27264}.Release|ARM.Build.0 = Release|ARM
		{E9209EF7-004A-477E-8A23-B99436F27264}.Release|ARM.Deploy.0 = Release|ARM
		{DDEAAFA9-024A-4AB3-B8BB-14D93AB59641}.Debug|ARM.ActiveCfg = Debug|ARM
		{DDEAAFA9-024A-4AB3-B8BB-14D93AB59641}.Debug|ARM.Build.0 = Debug|ARM
		{DDEAAFA9-024A-4AB3-B8BB-14D93AB59641}.Debug|ARM.Deploy.0 = Debug|ARM
		{DDEAAFA9-024A-4AB3-B8BB-14D93AB59641}.Release|ARM.ActiveCfg = Release|ARM
		{DDEAAFA9-024A-4AB3-B8BB-14D93AB59641}.Release|ARM.Build.0 = Release|ARM
		{DDEAAFA9-024A-4AB3-B8BB-14D93AB59641}.Release|ARM.Deploy.0 = Release|ARM
		{ABE84FDC-D12F-40E9-8F2A-CB10245C4A26}.Debug|ARM.ActiveCfg = Debug|ARM
		{ABE84FDC-D12F-40E9-8F2A-CB10245C4A26}.Debug|ARM.Build.0 = Debug|ARM
		{ABE84FDC-D12F-40E9-8F2A-CB10245C4A26}.Debug|ARM.Deploy.0 = Debug|ARM
		{ABE84FDC-D12F-40E9-8F2A-CB10245C4A26}.Release|ARM.ActiveCfg = Release|ARM
		{ABE84FDC-D12F-40E9-8F2A-CB10245C4A26}.Release|ARM.Build.0 = Release|ARM
		{ABE84FDC-D12F-40E9-8F2A-CB10245C4A26}.Release|ARM.Deploy.0 = Release|ARM
		{6C7E0CAD-E4A0-4B2E-A723-5AE1EB019932}.Debug|ARM.ActiveCfg = Debug|ARM
		{6C7E0CAD-E4A0-4B2E-A723-5AE1EB019932}.Debug|ARM.Build.0 = Debug|ARM
		{6C7E0CAD-E4A0-4B2E-A723-5AE1EB019932}.Debug|ARM.Deploy.0 = Debug|ARM
		{6C7E0CAD-E4A0-4B2E-A723-5AE1EB019932}.Release|ARM.ActiveCfg = Release|ARM
		{6C7E0CAD-E4A0-4B2E-A723-5AE1EB019932}.Release|ARM.Build.0 = Release|ARM
		{6C7E0CAD-E4A0-4B2E-A723-5AE1EB019932}.Release|ARM.Deploy.0 = Release|ARM
		{116C1C54-44B7-4C82-87CC-489B5ED85975}.Debug|ARM.ActiveCfg = Debug|ARM
		{116C1C54-44B7-4C82-87CC-489B5ED85975}.Release|ARM.ActiveCfg = Release|ARM
		{D8F241C6-29CB-4AA6-AD34-398CBA6D1C16}.Debug|ARM.ActiveCfg = Debug|ARM
		{D8F241C6-29CB-4AA6-AD34-398CBA6D1C16}.Debug|ARM.Build.0 = Debug|ARM
		{D8F241C6-29CB-4AA6-AD34-398CBA6D1C16}.Release|ARM.ActiveCfg = Release|ARM
		{D8F241C6-29CB-4AA6-AD34-398CBA6D1C16}.Release|ARM.Build.0 = Release|ARM
		{E431A011-C230-4CF5-8321-C47E07AE7683}.Debug|ARM.ActiveCfg = Debug|ARM
		{E431A011-C230-4CF5-8321-C47E07AE7683}.Debug|ARM.Build.0 = Debug|ARM
		{E431A011-C230-4CF5-8321-C47E07AE7683}.Release|ARM.ActiveCfg = Release|ARM
		{E431A011-C230-4CF5-8321-C47E07AE7683}.Release|ARM.Build.0 = Release|ARM
		{7B09FA7C-9385-4AA0-A659-4A55ACBE3B37}.Debug|ARM.ActiveCfg = Debug|ARM
		{7B09FA7C-9385-4AA0-A659-4A55ACBE3B37}.Debug|ARM.Build.0 = Debug|ARM
		{7B09FA7C-9385-4AA0-A659-4A55ACBE3B37}.Debug|ARM.Deploy.0 = Debug|ARM
		{7B09FA7C-9385-4AA0-A659-4A55ACBE3B37}.Release|ARM.ActiveCfg = Release|ARM
		{7B09FA7C-9385-4AA0-A659-4A55ACBE3B37}.Release|ARM.Build.0 = Release|ARM
		{7B09FA7C-9385-4AA0-A659-4A55ACBE3B37}.Release|ARM.Deploy.0 = Release|ARM
		{2C5DF7F8-8E4F-451B-88E2-B9C879C923E6}.Debug|ARM.ActiveCfg = Debug|ARM
		{2C5DF7F8-8E4F-451B-88E2-B9C879C923E6}.Debug|ARM.Build.0 = Debug|ARM
		{2C5DF7F8-8E4F-451B-88E2-B9C879C923E6}.Release|ARM.ActiveCfg = Release|ARM
		{2C5DF7F8-8E4F-451B-88E2-B9C879C923E6}.Release|ARM.Build.0 = Release|ARM
		{243E8ED0-58CF-4322-BB7D-D52E70352608}.Debug|ARM.ActiveCfg = Debug|ARM
		{243E8ED0-58CF-4322-BB7D-D52E70352608}.Debug|ARM.Build.0 = Debug|ARM
		{243E8ED0-58CF-4322-BB7D-D52E70352608}.Debug|ARM.Deploy.0 = Debug|ARM
		{243E8ED0-58CF-4322-BB7D-D52E70352608}.Release|ARM.ActiveCfg = Release|ARM
		{243E8ED0-58CF-4322-BB7D-D52E70352608}.Release|ARM.Build.0 = Release|ARM
		{243E8ED0-58CF-4322-BB7D-D52E70352608}.Release|ARM.Deploy.0 = Release|ARM
	EndGlobalSection
	GlobalSection(SolutionProperties) = preSolution
		HideSolutionNode = FALSE
	EndGlobalSection
	GlobalSection(NestedProjects) = preSolution
		{FE8E8830-EE45-46F0-88A5-4A14AD02EE50} = {24C4538B-C6A4-4D47-80C9-4249164C222F}
		{B3E2E3DD-67EE-49D6-A31B-4B6A19B0F640} = {C1B9EF36-2E1E-4BCB-A85F-E85DF75F737A}
		{A63BF65A-DC4C-47F8-A58E-3AA04FCAD340} = {704A3A23-958D-4BC7-BC5E-525F3C7A04B0}
		{C5BE4849-C884-4527-8C1E-46CEB39E0F54} = {A63BF65A-DC4C-47F8-A58E-3AA04FCAD340}
		{7E41DA83-4FEE-4D23-9172-12D93906F9DF} = {3A067FD7-5276-4CB5-BE74-9DD9965529D0}
		{E9209EF7-004A-477E-8A23-B99436F27264} = {7E41DA83-4FEE-4D23-9172-12D93906F9DF}
		{DDEAAFA9-024A-4AB3-B8BB-14D93AB59641} = {7E41DA83-4FEE-4D23-9172-12D93906F9DF}
		{A02B6648-A6A0-4655-B658-EC3F9B1E0CE1} = {CDC2AC5F-B61D-4271-8721-83D9B0703F51}
		{175F3EA8-E13A-41F9-81E9-EFE31813D8F0} = {3A067FD7-5276-4CB5-BE74-9DD9965529D0}
		{F138A081-8CD8-484F-A45A-6B0CAF289BA4} = {CDC2AC5F-B61D-4271-8721-83D9B0703F51}
		{703F0B97-99AB-4EEE-B9BD-D9C86883CB8C} = {C1B9EF36-2E1E-4BCB-A85F-E85DF75F737A}
		{6637C7B9-0DFD-410A-89F1-C1DD8E2D01EC} = {C1B9EF36-2E1E-4BCB-A85F-E85DF75F737A}
		{ABE84FDC-D12F-40E9-8F2A-CB10245C4A26} = {7E41DA83-4FEE-4D23-9172-12D93906F9DF}
		{6C7E0CAD-E4A0-4B2E-A723-5AE1EB019932} = {7E41DA83-4FEE-4D23-9172-12D93906F9DF}
		{ABA42A63-65A8-424C-A138-8DFD5A56047F} = {0BBA5CC3-BF97-43C8-AD5A-1DC8F968031F}
		{1F9D80D0-B763-4DB7-8BC4-51CCE403842F} = {A63BF65A-DC4C-47F8-A58E-3AA04FCAD340}
		{116C1C54-44B7-4C82-87CC-489B5ED85975} = {CDC2AC5F-B61D-4271-8721-83D9B0703F51}
		{7F2BB098-FCAF-4EAD-8C2F-A461F02CFE2B} = {0BBA5CC3-BF97-43C8-AD5A-1DC8F968031F}
		{D8F241C6-29CB-4AA6-AD34-398CBA6D1C16} = {24C4538B-C6A4-4D47-80C9-4249164C222F}
		{E431A011-C230-4CF5-8321-C47E07AE7683} = {24C4538B-C6A4-4D47-80C9-4249164C222F}
		{7B09FA7C-9385-4AA0-A659-4A55ACBE3B37} = {C1B9EF36-2E1E-4BCB-A85F-E85DF75F737A}
		{2C5DF7F8-8E4F-451B-88E2-B9C879C923E6} = {24C4538B-C6A4-4D47-80C9-4249164C222F}
		{45D41ACC-2C3C-43D2-BC10-02AA73FFC7C7} = {59AC22D9-5AB2-42B0-BFCE-4E3D1C63E8E0}
		{243E8ED0-58CF-4322-BB7D-D52E70352608} = {175F3EA8-E13A-41F9-81E9-EFE31813D8F0}
		{672010BA-4AE0-4794-A2B5-B53FC758D61F} = {59AC22D9-5AB2-42B0-BFCE-4E3D1C63E8E0}
	EndGlobalSection
EndGlobal
