
Microsoft Visual Studio Solution File, Format Version 12.00
# Visual Studio 15
VisualStudioVersion = 15.0.27004.2006
MinimumVisualStudioVersion = 10.0.40219.1
Project("{2150E333-8FDC-42A3-9474-1A3956D46DE8}") = "Solution Items", "Solution Items", "{101AF3F7-293E-46CF-8C37-EAA61DFDF0A5}"
	ProjectSection(SolutionItems) = preProject
		.gitignore = .gitignore
		Build.cmd = Build.cmd
		NuGet.config = NuGet.config
		Release.cmd = Release.cmd
		Version.cmd = Version.cmd
		Version.ps1 = Version.ps1
		Version.txt = Version.txt
	EndProjectSection
EndProject
Project("{2150E333-8FDC-42A3-9474-1A3956D46DE8}") = "Framework", "Framework", "{24C4538B-C6A4-4D47-80C9-4249164C222F}"
EndProject
Project("{2150E333-8FDC-42A3-9474-1A3956D46DE8}") = "Samples", "Samples", "{3A067FD7-5276-4CB5-BE74-9DD9965529D0}"
EndProject
Project("{2150E333-8FDC-42A3-9474-1A3956D46DE8}") = "Tools", "Tools", "{C1B9EF36-2E1E-4BCB-A85F-E85DF75F737A}"
EndProject
Project("{FAE04EC0-301F-11D3-BF4B-00C04F79EFBC}") = "Emlid.WindowsIot.Hardware", "Framework\Emlid.WindowsIoT.Hardware\Emlid.WindowsIot.Hardware.csproj", "{FE8E8830-EE45-46F0-88A5-4A14AD02EE50}"
EndProject
Project("{FAE04EC0-301F-11D3-BF4B-00C04F79EFBC}") = "Navio Hardware Test", "Tools\Navio Hardware Test\Navio Hardware Test.csproj", "{B3E2E3DD-67EE-49D6-A31B-4B6A19B0F640}"
EndProject
Project("{2150E333-8FDC-42A3-9474-1A3956D46DE8}") = "Media", "Media", "{704A3A23-958D-4BC7-BC5E-525F3C7A04B0}"
EndProject
Project("{2150E333-8FDC-42A3-9474-1A3956D46DE8}") = "Images", "Images", "{A63BF65A-DC4C-47F8-A58E-3AA04FCAD340}"
EndProject
Project("{2150E333-8FDC-42A3-9474-1A3956D46DE8}") = "Emlid", "Emlid", "{C5BE4849-C884-4527-8C1E-46CEB39E0F54}"
	ProjectSection(SolutionItems) = preProject
		Media\Images\Emlid\emlid_logo_no_text.png = Media\Images\Emlid\emlid_logo_no_text.png
		Media\Images\Emlid\Navio 2 Pinout.png = Media\Images\Emlid\Navio 2 Pinout.png
		Media\Images\Emlid\Navio 2 Top.png = Media\Images\Emlid\Navio 2 Top.png
		Media\Images\Emlid\Navio Top.png = Media\Images\Emlid\Navio Top.png
		Media\Images\Emlid\Navio+ Side.png = Media\Images\Emlid\Navio+ Side.png
		Media\Images\Emlid\Navio+ Top.png = Media\Images\Emlid\Navio+ Top.png
		Media\Images\Emlid\Navio-ConnectionMap.jpg = Media\Images\Emlid\Navio-ConnectionMap.jpg
		Media\Images\Emlid\Navio-Research.jpg = Media\Images\Emlid\Navio-Research.jpg
		Media\Images\Emlid\TopView8.jpg = Media\Images\Emlid\TopView8.jpg
	EndProjectSection
EndProject
Project("{2150E333-8FDC-42A3-9474-1A3956D46DE8}") = "Common", "Common", "{E2AC6BB4-4B51-4E37-8401-DBE2EB7D8116}"
	ProjectSection(SolutionItems) = preProject
		Common\AssemblyInfoGlobal.cs = Common\AssemblyInfoGlobal.cs
		Common\CustomDictionary.xml = Common\CustomDictionary.xml
		Common\Temporary Key.pfx = Common\Temporary Key.pfx
		Common\Temporary Key.snk = Common\Temporary Key.snk
	EndProjectSection
EndProject
Project("{2150E333-8FDC-42A3-9474-1A3956D46DE8}") = "CS", "CS", "{7E41DA83-4FEE-4D23-9172-12D93906F9DF}"
EndProject
Project("{FAE04EC0-301F-11D3-BF4B-00C04F79EFBC}") = "Navio LED CS Sample", "Samples\CS\Navio LED\Navio LED CS Sample.csproj", "{E9209EF7-004A-477E-8A23-B99436F27264}"
EndProject
Project("{FAE04EC0-301F-11D3-BF4B-00C04F79EFBC}") = "Navio RC Input CS Sample", "Samples\CS\Navio RC Input\Navio RC Input CS Sample.csproj", "{DDEAAFA9-024A-4AB3-B8BB-14D93AB59641}"
EndProject
Project("{2150E333-8FDC-42A3-9474-1A3956D46DE8}") = "Drivers", "Drivers", "{CDC2AC5F-B61D-4271-8721-83D9B0703F51}"
EndProject
Project("{2150E333-8FDC-42A3-9474-1A3956D46DE8}") = "ACPI", "ACPI", "{A02B6648-A6A0-4655-B658-EC3F9B1E0CE1}"
	ProjectSection(SolutionItems) = preProject
		Drivers\ACPI\ACPITABL.DAT = Drivers\ACPI\ACPITABL.DAT
		Drivers\ACPI\ACPITABL2.DAT = Drivers\ACPI\ACPITABL2.DAT
		Drivers\ACPI\Build.cmd = Drivers\ACPI\Build.cmd
		Drivers\ACPI\Navio.asl = Drivers\ACPI\Navio.asl
		Drivers\ACPI\Navio2.asl = Drivers\ACPI\Navio2.asl
	EndProjectSection
EndProject
Project("{2150E333-8FDC-42A3-9474-1A3956D46DE8}") = "CPP", "CPP", "{175F3EA8-E13A-41F9-81E9-EFE31813D8F0}"
EndProject
Project("{2150E333-8FDC-42A3-9474-1A3956D46DE8}") = "Include", "Include", "{F138A081-8CD8-484F-A45A-6B0CAF289BA4}"
	ProjectSection(SolutionItems) = preProject
		Drivers\Include\NavioRCInputDriver.h = Drivers\Include\NavioRCInputDriver.h
	EndProjectSection
EndProject
Project("{2150E333-8FDC-42A3-9474-1A3956D46DE8}") = "Scripts", "Scripts", "{703F0B97-99AB-4EEE-B9BD-D9C86883CB8C}"
	ProjectSection(SolutionItems) = preProject
		Tools\Scripts\Serial Debug.cmd = Tools\Scripts\Serial Debug.cmd
		Tools\Scripts\Setup Local.cmd = Tools\Scripts\Setup Local.cmd
		Tools\Scripts\Setup Local.ps1 = Tools\Scripts\Setup Local.ps1
		Tools\Scripts\Setup Remote.cmd = Tools\Scripts\Setup Remote.cmd
		Tools\Scripts\Setup Remote.ps1 = Tools\Scripts\Setup Remote.ps1
	EndProjectSection
EndProject
Project("{FAE04EC0-301F-11D3-BF4B-00C04F79EFBC}") = "Navio Barometer CS Sample", "Samples\CS\Navio Barometer\Navio Barometer CS Sample.csproj", "{ABE84FDC-D12F-40E9-8F2A-CB10245C4A26}"
EndProject
Project("{FAE04EC0-301F-11D3-BF4B-00C04F79EFBC}") = "Navio FRAM CS Sample", "Samples\CS\Navio FRAM\Navio FRAM CS Sample.csproj", "{6C7E0CAD-E4A0-4B2E-A723-5AE1EB019932}"
EndProject
Project("{2150E333-8FDC-42A3-9474-1A3956D46DE8}") = "Documentation", "Documentation", "{0BBA5CC3-BF97-43C8-AD5A-1DC8F968031F}"
EndProject
Project("{2150E333-8FDC-42A3-9474-1A3956D46DE8}") = "Emlid", "Emlid", "{ABA42A63-65A8-424C-A138-8DFD5A56047F}"
	ProjectSection(SolutionItems) = preProject
		Documentation\Emlid\Changes.md = Documentation\Emlid\Changes.md
		Documentation\Emlid\Coding-Standards.md = Documentation\Emlid\Coding-Standards.md
		Documentation\Emlid\Development.md = Documentation\Emlid\Development.md
		Documentation\Emlid\Project.md = Documentation\Emlid\Project.md
		Documentation\Emlid\Requirements.md = Documentation\Emlid\Requirements.md
		Documentation\Emlid\Usage.md = Documentation\Emlid\Usage.md
		Documentation\Emlid\Windows-IoT.md = Documentation\Emlid\Windows-IoT.md
	EndProjectSection
EndProject
Project("{2150E333-8FDC-42A3-9474-1A3956D46DE8}") = "Raspberry Pi", "Raspberry Pi", "{1F9D80D0-B763-4DB7-8BC4-51CCE403842F}"
	ProjectSection(SolutionItems) = preProject
		Media\Images\Raspberry Pi\Raspberry Pi 2 HAT Pins.png = Media\Images\Raspberry Pi\Raspberry Pi 2 HAT Pins.png
	EndProjectSection
EndProject
Project("{8BC9CEB8-8B4A-11D0-8D11-00A0C91BC942}") = "Navio RC Input Driver", "Drivers\Navio RC Input\Navio RC Input Driver.vcxproj", "{116C1C54-44B7-4C82-87CC-489B5ED85975}"
EndProject
Project("{2150E333-8FDC-42A3-9474-1A3956D46DE8}") = "Components", "Components", "{7F2BB098-FCAF-4EAD-8C2F-A461F02CFE2B}"
	ProjectSection(SolutionItems) = preProject
		Documentation\Components\ADS1115.pdf = Documentation\Components\ADS1115.pdf
		Documentation\Components\ARM Debug Interface.pdf = Documentation\Components\ARM Debug Interface.pdf
		Documentation\Components\BCM2835.pdf = Documentation\Components\BCM2835.pdf
		Documentation\Components\LSM9DS1.pdf = Documentation\Components\LSM9DS1.pdf
		Documentation\Components\MB85RC04V.pdf = Documentation\Components\MB85RC04V.pdf
		Documentation\Components\MB85RC256V.pdf = Documentation\Components\MB85RC256V.pdf
		Documentation\Components\MPU9250.pdf = Documentation\Components\MPU9250.pdf
		Documentation\Components\MS5611.pdf = Documentation\Components\MS5611.pdf
		Documentation\Components\NEO-6.pdf = Documentation\Components\NEO-6.pdf
		Documentation\Components\NEO-7.pdf = Documentation\Components\NEO-7.pdf
		Documentation\Components\NEO-M8 Protocol.pdf = Documentation\Components\NEO-M8 Protocol.pdf
		Documentation\Components\NEO-M8.pdf = Documentation\Components\NEO-M8.pdf
		Documentation\Components\PCA9685.pdf = Documentation\Components\PCA9685.pdf
	EndProjectSection
EndProject
Project("{FAE04EC0-301F-11D3-BF4B-00C04F79EFBC}") = "Emlid.UniversalWindows.UI", "Framework\Emlid.UniversalWindows.UI\Emlid.UniversalWindows.UI.csproj", "{E431A011-C230-4CF5-8321-C47E07AE7683}"
EndProject
Project("{FAE04EC0-301F-11D3-BF4B-00C04F79EFBC}") = "Navio 2 RCIO Terminal", "Tools\Navio 2 RCIO Terminal\Navio 2 RCIO Terminal.csproj", "{7B09FA7C-9385-4AA0-A659-4A55ACBE3B37}"
EndProject
Project("{8BC9CEB8-8B4A-11D0-8D11-00A0C91BC942}") = "Emlid.WindowsIot.HardwarePlus", "Framework\Emlid.WindowsIot.HardwarePlus\Emlid.WindowsIot.HardwarePlus.vcxproj", "{2C5DF7F8-8E4F-451B-88E2-B9C879C923E6}"
EndProject
Project("{2150E333-8FDC-42A3-9474-1A3956D46DE8}") = "Dependencies", "Dependencies", "{CFAF0940-2D3D-4370-8EFD-36E79B7C6565}"
	ProjectSection(SolutionItems) = preProject
		Dependencies\Code for .NET Release Notes.md = Dependencies\Code for .NET Release Notes.md
		Dependencies\Code for PowerShell Release Notes.md = Dependencies\Code for PowerShell Release Notes.md
		Dependencies\Code for Windows Release Notes.md = Dependencies\Code for Windows Release Notes.md
		Dependencies\CodeForDotNet.Version.txt = Dependencies\CodeForDotNet.Version.txt
		Dependencies\CodeForPowerShell.Version.txt = Dependencies\CodeForPowerShell.Version.txt
		Dependencies\CodeForWindows.Version.txt = Dependencies\CodeForWindows.Version.txt
		Dependencies\Update.cmd = Dependencies\Update.cmd
		Dependencies\Variables.cmd = Dependencies\Variables.cmd
	EndProjectSection
EndProject
Project("{8BC9CEB8-8B4A-11D0-8D11-00A0C91BC942}") = "Navio RC Input CPP Sample", "Samples\CPP\Navio RC Input\Navio RC Input CPP Sample.vcxproj", "{243E8ED0-58CF-4322-BB7D-D52E70352608}"
EndProject
Project("{2150E333-8FDC-42A3-9474-1A3956D46DE8}") = "NuGet", "NuGet", "{1F55AFC7-66D6-4F09-946E-27745D0ABC0E}"
	ProjectSection(SolutionItems) = preProject
		Dependencies\NuGet\nuget.exe = Dependencies\NuGet\nuget.exe
	EndProjectSection
EndProject
Project("{2150E333-8FDC-42A3-9474-1A3956D46DE8}") = "Code for .NET", "Code for .NET", "{E21BCE72-09BB-431A-A6A8-78B35849B772}"
EndProject
Project("{2150E333-8FDC-42A3-9474-1A3956D46DE8}") = "Components", "Components", "{C39A73F7-5858-4CA1-A4A4-EF33978290F1}"
	ProjectSection(SolutionItems) = preProject
		Dependencies\Code for .NET\Components\CodeForDotNet.Data.Sql.deps.json = Dependencies\Code for .NET\Components\CodeForDotNet.Data.Sql.deps.json
		Dependencies\Code for .NET\Components\CodeForDotNet.Data.Sql.dll = Dependencies\Code for .NET\Components\CodeForDotNet.Data.Sql.dll
		Dependencies\Code for .NET\Components\CodeForDotNet.Data.Sql.xml = Dependencies\Code for .NET\Components\CodeForDotNet.Data.Sql.xml
		Dependencies\Code for .NET\Components\CodeForDotNet.deps.json = Dependencies\Code for .NET\Components\CodeForDotNet.deps.json
		Dependencies\Code for .NET\Components\CodeForDotNet.dll = Dependencies\Code for .NET\Components\CodeForDotNet.dll
		Dependencies\Code for .NET\Components\CodeForDotNet.Full.dll = Dependencies\Code for .NET\Components\CodeForDotNet.Full.dll
		Dependencies\Code for .NET\Components\CodeForDotNet.Full.xml = Dependencies\Code for .NET\Components\CodeForDotNet.Full.xml
		Dependencies\Code for .NET\Components\CodeForDotNet.UI.deps.json = Dependencies\Code for .NET\Components\CodeForDotNet.UI.deps.json
		Dependencies\Code for .NET\Components\CodeForDotNet.UI.dll = Dependencies\Code for .NET\Components\CodeForDotNet.UI.dll
		Dependencies\Code for .NET\Components\CodeForDotNet.UI.xml = Dependencies\Code for .NET\Components\CodeForDotNet.UI.xml
		Dependencies\Code for .NET\Components\CodeForDotNet.Windows.dll = Dependencies\Code for .NET\Components\CodeForDotNet.Windows.dll
		Dependencies\Code for .NET\Components\CodeForDotNet.Windows.xml = Dependencies\Code for .NET\Components\CodeForDotNet.Windows.xml
		Dependencies\Code for .NET\Components\CodeForDotNet.WindowsUniversal.dll = Dependencies\Code for .NET\Components\CodeForDotNet.WindowsUniversal.dll
		Dependencies\Code for .NET\Components\CodeForDotNet.WindowsUniversal.pri = Dependencies\Code for .NET\Components\CodeForDotNet.WindowsUniversal.pri
		Dependencies\Code for .NET\Components\CodeForDotNet.WindowsUniversal.xml = Dependencies\Code for .NET\Components\CodeForDotNet.WindowsUniversal.xml
		Dependencies\Code for .NET\Components\CodeForDotNet.xml = Dependencies\Code for .NET\Components\CodeForDotNet.xml
	EndProjectSection
EndProject
Project("{2150E333-8FDC-42A3-9474-1A3956D46DE8}") = "Documentation", "Documentation", "{D57B4CC5-160E-480F-ACD2-FE8C163EB3B3}"
	ProjectSection(SolutionItems) = preProject
		Dependencies\Code for .NET\Documentation\Release Notes.md = Dependencies\Code for .NET\Documentation\Release Notes.md
	EndProjectSection
EndProject
Project("{2150E333-8FDC-42A3-9474-1A3956D46DE8}") = "Version", "Version", "{801CA432-7292-4040-8E50-D40A683F773F}"
	ProjectSection(SolutionItems) = preProject
		Dependencies\Code for .NET\Version\CodeForDotNet.Version.txt = Dependencies\Code for .NET\Version\CodeForDotNet.Version.txt
		Dependencies\Code for .NET\Version\CodeForPowerShell.Version.txt = Dependencies\Code for .NET\Version\CodeForPowerShell.Version.txt
		Dependencies\Code for .NET\Version\CodeForWindows.Version.txt = Dependencies\Code for .NET\Version\CodeForWindows.Version.txt
	EndProjectSection
EndProject
Project("{2150E333-8FDC-42A3-9474-1A3956D46DE8}") = "Code for PowerShell", "Code for PowerShell", "{4BDEC677-2C98-4535-AF07-E4324C489B13}"
EndProject
Project("{2150E333-8FDC-42A3-9474-1A3956D46DE8}") = "Modules", "Modules", "{FCAA85C8-2F76-457B-8191-8D9AB80A100D}"
EndProject
Project("{2150E333-8FDC-42A3-9474-1A3956D46DE8}") = "CodeForPowerShell.VisualStudio", "CodeForPowerShell.VisualStudio", "{22F93B52-4B8D-4FD4-B542-CD657B01CAF7}"
	ProjectSection(SolutionItems) = preProject
		Dependencies\Code for PowerShell\Modules\CodeForPowerShell.VisualStudio\CodeForPowerShell.VisualStudio.psd1 = Dependencies\Code for PowerShell\Modules\CodeForPowerShell.VisualStudio\CodeForPowerShell.VisualStudio.psd1
		Dependencies\Code for PowerShell\Modules\CodeForPowerShell.VisualStudio\CodeForPowerShell.VisualStudio.Version.psm1 = Dependencies\Code for PowerShell\Modules\CodeForPowerShell.VisualStudio\CodeForPowerShell.VisualStudio.Version.psm1
	EndProjectSection
EndProject
Project("{2150E333-8FDC-42A3-9474-1A3956D46DE8}") = "Documentation", "Documentation", "{DB7FD1E7-9BF9-40E7-9281-314CA4DFB38C}"
	ProjectSection(SolutionItems) = preProject
		Dependencies\Code for PowerShell\Documentation\Developer Notes.md = Dependencies\Code for PowerShell\Documentation\Developer Notes.md
		Dependencies\Code for PowerShell\Documentation\Release Notes.md = Dependencies\Code for PowerShell\Documentation\Release Notes.md
	EndProjectSection
EndProject
Project("{2150E333-8FDC-42A3-9474-1A3956D46DE8}") = "Version", "Version", "{EB6FACC8-2A51-4590-AB07-9CC11C0A9C64}"
	ProjectSection(SolutionItems) = preProject
		Dependencies\Code for PowerShell\Version\CodeForPowerShell.Version.txt = Dependencies\Code for PowerShell\Version\CodeForPowerShell.Version.txt
	EndProjectSection
EndProject
Project("{2150E333-8FDC-42A3-9474-1A3956D46DE8}") = "Code for Windows", "Code for Windows", "{A037F1F4-141C-494E-8AA2-92EF20840DB4}"
EndProject
Project("{2150E333-8FDC-42A3-9474-1A3956D46DE8}") = "Documentation", "Documentation", "{CB07BB90-5E40-4039-9768-098F8EF23CD2}"
	ProjectSection(SolutionItems) = preProject
		Dependencies\Code for Windows\Documentation\Release Notes.md = Dependencies\Code for Windows\Documentation\Release Notes.md
	EndProjectSection
EndProject
Project("{2150E333-8FDC-42A3-9474-1A3956D46DE8}") = "Version", "Version", "{0255686B-2CC6-47EE-AF59-7656A3BA592E}"
	ProjectSection(SolutionItems) = preProject
		Dependencies\Code for Windows\Version\CodeForWindows.Version.txt = Dependencies\Code for Windows\Version\CodeForWindows.Version.txt
	EndProjectSection
EndProject
Project("{2150E333-8FDC-42A3-9474-1A3956D46DE8}") = "Scripts", "Scripts", "{B52FA86D-A405-4036-8760-052EA42F3140}"
EndProject
Project("{2150E333-8FDC-42A3-9474-1A3956D46DE8}") = "Visual Studio", "Visual Studio", "{10CC80F6-B2B5-49E4-8151-590EBA4F3142}"
	ProjectSection(SolutionItems) = preProject
		Dependencies\Code for Windows\Scripts\Visual Studio\Variables.cmd = Dependencies\Code for Windows\Scripts\Visual Studio\Variables.cmd
	EndProjectSection
EndProject
Project("{2150E333-8FDC-42A3-9474-1A3956D46DE8}") = "CodeForDotNet.WindowsUniversal", "CodeForDotNet.WindowsUniversal", "{813EB8E0-0F97-41F1-BF70-B249531F1B25}"
	ProjectSection(SolutionItems) = preProject
		Dependencies\Code for .NET\Components\CodeForDotNet.WindowsUniversal\CodeForDotNet.WindowsUniversal.xr.xml = Dependencies\Code for .NET\Components\CodeForDotNet.WindowsUniversal\CodeForDotNet.WindowsUniversal.xr.xml
	EndProjectSection
EndProject
Project("{2150E333-8FDC-42A3-9474-1A3956D46DE8}") = "UI", "UI", "{56374251-088A-4C8D-ABA9-99E4F95CFFA5}"
EndProject
Project("{2150E333-8FDC-42A3-9474-1A3956D46DE8}") = "Themes", "Themes", "{78198D57-DCF2-4D0C-95AF-96F354EF9F1B}"
	ProjectSection(SolutionItems) = preProject
		Dependencies\Code for .NET\Components\CodeForDotNet.WindowsUniversal\UI\Themes\Generic.xbf = Dependencies\Code for .NET\Components\CodeForDotNet.WindowsUniversal\UI\Themes\Generic.xbf
	EndProjectSection
EndProject
Global
	GlobalSection(SolutionConfigurationPlatforms) = preSolution
		Debug|ARM = Debug|ARM
		Release|ARM = Release|ARM
	EndGlobalSection
	GlobalSection(ProjectConfigurationPlatforms) = postSolution
		{FE8E8830-EE45-46F0-88A5-4A14AD02EE50}.Debug|ARM.ActiveCfg = Debug|ARM
		{FE8E8830-EE45-46F0-88A5-4A14AD02EE50}.Debug|ARM.Build.0 = Debug|ARM
		{FE8E8830-EE45-46F0-88A5-4A14AD02EE50}.Release|ARM.ActiveCfg = Release|ARM
		{FE8E8830-EE45-46F0-88A5-4A14AD02EE50}.Release|ARM.Build.0 = Release|ARM
		{B3E2E3DD-67EE-49D6-A31B-4B6A19B0F640}.Debug|ARM.ActiveCfg = Debug|ARM
		{B3E2E3DD-67EE-49D6-A31B-4B6A19B0F640}.Debug|ARM.Build.0 = Debug|ARM
		{B3E2E3DD-67EE-49D6-A31B-4B6A19B0F640}.Release|ARM.ActiveCfg = Release|ARM
		{B3E2E3DD-67EE-49D6-A31B-4B6A19B0F640}.Release|ARM.Build.0 = Release|ARM
		{E9209EF7-004A-477E-8A23-B99436F27264}.Debug|ARM.ActiveCfg = Debug|ARM
		{E9209EF7-004A-477E-8A23-B99436F27264}.Debug|ARM.Build.0 = Debug|ARM
		{E9209EF7-004A-477E-8A23-B99436F27264}.Release|ARM.ActiveCfg = Release|ARM
		{E9209EF7-004A-477E-8A23-B99436F27264}.Release|ARM.Build.0 = Release|ARM
		{DDEAAFA9-024A-4AB3-B8BB-14D93AB59641}.Debug|ARM.ActiveCfg = Debug|ARM
		{DDEAAFA9-024A-4AB3-B8BB-14D93AB59641}.Debug|ARM.Build.0 = Debug|ARM
		{DDEAAFA9-024A-4AB3-B8BB-14D93AB59641}.Release|ARM.ActiveCfg = Release|ARM
		{DDEAAFA9-024A-4AB3-B8BB-14D93AB59641}.Release|ARM.Build.0 = Release|ARM
		{ABE84FDC-D12F-40E9-8F2A-CB10245C4A26}.Debug|ARM.ActiveCfg = Debug|ARM
		{ABE84FDC-D12F-40E9-8F2A-CB10245C4A26}.Debug|ARM.Build.0 = Debug|ARM
		{ABE84FDC-D12F-40E9-8F2A-CB10245C4A26}.Release|ARM.ActiveCfg = Release|ARM
		{ABE84FDC-D12F-40E9-8F2A-CB10245C4A26}.Release|ARM.Build.0 = Release|ARM
		{6C7E0CAD-E4A0-4B2E-A723-5AE1EB019932}.Debug|ARM.ActiveCfg = Debug|ARM
		{6C7E0CAD-E4A0-4B2E-A723-5AE1EB019932}.Debug|ARM.Build.0 = Debug|ARM
		{6C7E0CAD-E4A0-4B2E-A723-5AE1EB019932}.Release|ARM.ActiveCfg = Release|ARM
		{6C7E0CAD-E4A0-4B2E-A723-5AE1EB019932}.Release|ARM.Build.0 = Release|ARM
		{116C1C54-44B7-4C82-87CC-489B5ED85975}.Debug|ARM.ActiveCfg = Debug|ARM
		{116C1C54-44B7-4C82-87CC-489B5ED85975}.Debug|ARM.Build.0 = Debug|ARM
		{116C1C54-44B7-4C82-87CC-489B5ED85975}.Release|ARM.ActiveCfg = Release|ARM
		{116C1C54-44B7-4C82-87CC-489B5ED85975}.Release|ARM.Build.0 = Release|ARM
		{E431A011-C230-4CF5-8321-C47E07AE7683}.Debug|ARM.ActiveCfg = Debug|ARM
		{E431A011-C230-4CF5-8321-C47E07AE7683}.Debug|ARM.Build.0 = Debug|ARM
		{E431A011-C230-4CF5-8321-C47E07AE7683}.Release|ARM.ActiveCfg = Release|ARM
		{E431A011-C230-4CF5-8321-C47E07AE7683}.Release|ARM.Build.0 = Release|ARM
		{7B09FA7C-9385-4AA0-A659-4A55ACBE3B37}.Debug|ARM.ActiveCfg = Debug|ARM
		{7B09FA7C-9385-4AA0-A659-4A55ACBE3B37}.Debug|ARM.Build.0 = Debug|ARM
		{7B09FA7C-9385-4AA0-A659-4A55ACBE3B37}.Release|ARM.ActiveCfg = Release|ARM
		{7B09FA7C-9385-4AA0-A659-4A55ACBE3B37}.Release|ARM.Build.0 = Release|ARM
		{2C5DF7F8-8E4F-451B-88E2-B9C879C923E6}.Debug|ARM.ActiveCfg = Debug|ARM
		{2C5DF7F8-8E4F-451B-88E2-B9C879C923E6}.Debug|ARM.Build.0 = Debug|ARM
		{2C5DF7F8-8E4F-451B-88E2-B9C879C923E6}.Release|ARM.ActiveCfg = Release|ARM
		{2C5DF7F8-8E4F-451B-88E2-B9C879C923E6}.Release|ARM.Build.0 = Release|ARM
		{243E8ED0-58CF-4322-BB7D-D52E70352608}.Debug|ARM.ActiveCfg = Debug|ARM
		{243E8ED0-58CF-4322-BB7D-D52E70352608}.Debug|ARM.Build.0 = Debug|ARM
		{243E8ED0-58CF-4322-BB7D-D52E70352608}.Release|ARM.ActiveCfg = Release|ARM
		{243E8ED0-58CF-4322-BB7D-D52E70352608}.Release|ARM.Build.0 = Release|ARM
	EndGlobalSection
	GlobalSection(SolutionProperties) = preSolution
		HideSolutionNode = FALSE
	EndGlobalSection
	GlobalSection(NestedProjects) = preSolution
		{FE8E8830-EE45-46F0-88A5-4A14AD02EE50} = {24C4538B-C6A4-4D47-80C9-4249164C222F}
		{B3E2E3DD-67EE-49D6-A31B-4B6A19B0F640} = {C1B9EF36-2E1E-4BCB-A85F-E85DF75F737A}
		{A63BF65A-DC4C-47F8-A58E-3AA04FCAD340} = {704A3A23-958D-4BC7-BC5E-525F3C7A04B0}
		{C5BE4849-C884-4527-8C1E-46CEB39E0F54} = {A63BF65A-DC4C-47F8-A58E-3AA04FCAD340}
		{7E41DA83-4FEE-4D23-9172-12D93906F9DF} = {3A067FD7-5276-4CB5-BE74-9DD9965529D0}
		{E9209EF7-004A-477E-8A23-B99436F27264} = {7E41DA83-4FEE-4D23-9172-12D93906F9DF}
		{DDEAAFA9-024A-4AB3-B8BB-14D93AB59641} = {7E41DA83-4FEE-4D23-9172-12D93906F9DF}
		{A02B6648-A6A0-4655-B658-EC3F9B1E0CE1} = {CDC2AC5F-B61D-4271-8721-83D9B0703F51}
		{175F3EA8-E13A-41F9-81E9-EFE31813D8F0} = {3A067FD7-5276-4CB5-BE74-9DD9965529D0}
		{F138A081-8CD8-484F-A45A-6B0CAF289BA4} = {CDC2AC5F-B61D-4271-8721-83D9B0703F51}
		{703F0B97-99AB-4EEE-B9BD-D9C86883CB8C} = {C1B9EF36-2E1E-4BCB-A85F-E85DF75F737A}
		{ABE84FDC-D12F-40E9-8F2A-CB10245C4A26} = {7E41DA83-4FEE-4D23-9172-12D93906F9DF}
		{6C7E0CAD-E4A0-4B2E-A723-5AE1EB019932} = {7E41DA83-4FEE-4D23-9172-12D93906F9DF}
		{ABA42A63-65A8-424C-A138-8DFD5A56047F} = {0BBA5CC3-BF97-43C8-AD5A-1DC8F968031F}
		{1F9D80D0-B763-4DB7-8BC4-51CCE403842F} = {A63BF65A-DC4C-47F8-A58E-3AA04FCAD340}
		{116C1C54-44B7-4C82-87CC-489B5ED85975} = {CDC2AC5F-B61D-4271-8721-83D9B0703F51}
		{7F2BB098-FCAF-4EAD-8C2F-A461F02CFE2B} = {0BBA5CC3-BF97-43C8-AD5A-1DC8F968031F}
		{E431A011-C230-4CF5-8321-C47E07AE7683} = {24C4538B-C6A4-4D47-80C9-4249164C222F}
		{7B09FA7C-9385-4AA0-A659-4A55ACBE3B37} = {C1B9EF36-2E1E-4BCB-A85F-E85DF75F737A}
		{2C5DF7F8-8E4F-451B-88E2-B9C879C923E6} = {24C4538B-C6A4-4D47-80C9-4249164C222F}
		{243E8ED0-58CF-4322-BB7D-D52E70352608} = {175F3EA8-E13A-41F9-81E9-EFE31813D8F0}
		{1F55AFC7-66D6-4F09-946E-27745D0ABC0E} = {CFAF0940-2D3D-4370-8EFD-36E79B7C6565}
		{E21BCE72-09BB-431A-A6A8-78B35849B772} = {CFAF0940-2D3D-4370-8EFD-36E79B7C6565}
		{C39A73F7-5858-4CA1-A4A4-EF33978290F1} = {E21BCE72-09BB-431A-A6A8-78B35849B772}
		{D57B4CC5-160E-480F-ACD2-FE8C163EB3B3} = {E21BCE72-09BB-431A-A6A8-78B35849B772}
		{801CA432-7292-4040-8E50-D40A683F773F} = {E21BCE72-09BB-431A-A6A8-78B35849B772}
		{4BDEC677-2C98-4535-AF07-E4324C489B13} = {CFAF0940-2D3D-4370-8EFD-36E79B7C6565}
		{FCAA85C8-2F76-457B-8191-8D9AB80A100D} = {4BDEC677-2C98-4535-AF07-E4324C489B13}
		{22F93B52-4B8D-4FD4-B542-CD657B01CAF7} = {FCAA85C8-2F76-457B-8191-8D9AB80A100D}
		{DB7FD1E7-9BF9-40E7-9281-314CA4DFB38C} = {4BDEC677-2C98-4535-AF07-E4324C489B13}
		{EB6FACC8-2A51-4590-AB07-9CC11C0A9C64} = {4BDEC677-2C98-4535-AF07-E4324C489B13}
		{A037F1F4-141C-494E-8AA2-92EF20840DB4} = {CFAF0940-2D3D-4370-8EFD-36E79B7C6565}
		{CB07BB90-5E40-4039-9768-098F8EF23CD2} = {A037F1F4-141C-494E-8AA2-92EF20840DB4}
		{0255686B-2CC6-47EE-AF59-7656A3BA592E} = {A037F1F4-141C-494E-8AA2-92EF20840DB4}
		{B52FA86D-A405-4036-8760-052EA42F3140} = {A037F1F4-141C-494E-8AA2-92EF20840DB4}
		{10CC80F6-B2B5-49E4-8151-590EBA4F3142} = {B52FA86D-A405-4036-8760-052EA42F3140}
		{813EB8E0-0F97-41F1-BF70-B249531F1B25} = {C39A73F7-5858-4CA1-A4A4-EF33978290F1}
		{56374251-088A-4C8D-ABA9-99E4F95CFFA5} = {813EB8E0-0F97-41F1-BF70-B249531F1B25}
		{78198D57-DCF2-4D0C-95AF-96F354EF9F1B} = {56374251-088A-4C8D-ABA9-99E4F95CFFA5}
	EndGlobalSection
	GlobalSection(ExtensibilityGlobals) = postSolution
		SolutionGuid = {5D3C61DC-BF70-44F6-9F9B-7E1A85A720F1}
	EndGlobalSection
EndGlobal
